
Microsoft Visual Studio Solution File, Format Version 12.00
# Visual Studio Version 17
VisualStudioVersion = 17.5.33530.505
MinimumVisualStudioVersion = 10.0.40219.1
Project("{FAE04EC0-301F-11D3-BF4B-00C04F79EFBC}") = "AspNet-intro", "AspNet-intro\AspNet-intro.csproj", "{CE812AA1-2871-4F1A-B309-06FD2EC5EFA5}"
EndProject
Global
	GlobalSection(SolutionConfigurationPlatforms) = preSolution
		Debug|Any CPU = Debug|Any CPU
		Release|Any CPU = Release|Any CPU
	EndGlobalSection
	GlobalSection(ProjectConfigurationPlatforms) = postSolution
		{CE812AA1-2871-4F1A-B309-06FD2EC5EFA5}.Debug|Any CPU.ActiveCfg = Debug|Any CPU
		{CE812AA1-2871-4F1A-B309-06FD2EC5EFA5}.Debug|Any CPU.Build.0 = Debug|Any CPU
		{CE812AA1-2871-4F1A-B309-06FD2EC5EFA5}.Release|Any CPU.ActiveCfg = Release|Any CPU
		{CE812AA1-2871-4F1A-B309-06FD2EC5EFA5}.Release|Any CPU.Build.0 = Release|Any CPU
	EndGlobalSection
	GlobalSection(SolutionProperties) = preSolution
		HideSolutionNode = FALSE
	EndGlobalSection
	GlobalSection(ExtensibilityGlobals) = postSolution
		SolutionGuid = {472D573B-82CA-4CEC-A492-BC1A1C195F60}
	EndGlobalSection
EndGlobal
